
Microsoft Visual Studio Solution File, Format Version 12.00
# Visual Studio Version 16
VisualStudioVersion = 16.0.31911.196
MinimumVisualStudioVersion = 10.0.40219.1
Project("{FAE04EC0-301F-11D3-BF4B-00C04F79EFBC}") = "D44IUP-Lehmer-Generator", "D44IUP-Lehmer-Generator\D44IUP-Lehmer-Generator.csproj", "{0EBA0B29-E7CE-40C3-ABB5-7FC5B4B84111}"
EndProject
Global
	GlobalSection(SolutionConfigurationPlatforms) = preSolution
		Debug|Any CPU = Debug|Any CPU
		Release|Any CPU = Release|Any CPU
	EndGlobalSection
	GlobalSection(ProjectConfigurationPlatforms) = postSolution
		{0EBA0B29-E7CE-40C3-ABB5-7FC5B4B84111}.Debug|Any CPU.ActiveCfg = Debug|Any CPU
		{0EBA0B29-E7CE-40C3-ABB5-7FC5B4B84111}.Debug|Any CPU.Build.0 = Debug|Any CPU
		{0EBA0B29-E7CE-40C3-ABB5-7FC5B4B84111}.Release|Any CPU.ActiveCfg = Release|Any CPU
		{0EBA0B29-E7CE-40C3-ABB5-7FC5B4B84111}.Release|Any CPU.Build.0 = Release|Any CPU
	EndGlobalSection
	GlobalSection(SolutionProperties) = preSolution
		HideSolutionNode = FALSE
	EndGlobalSection
	GlobalSection(ExtensibilityGlobals) = postSolution
		SolutionGuid = {EB026149-0961-4018-8645-9EABB9F6EC9A}
	EndGlobalSection
EndGlobal
